<?xml version="1.0" encoding="UTF-8" standalone="yes" ?>
<CodeBlocks_project_file>
	<FileVersion major="1" minor="6" />
	<Project>
		<Option title="simple_interface2" />
		<Option pch_mode="2" />
		<Option compiler="gcc" />
		<Build>
			<Target title="Debug">
				<Option output="bin/Debug/simple_interface2" prefix_auto="1" extension_auto="1" />
				<Option object_output="obj/Debug/" />
				<Option type="1" />
				<Option compiler="gcc" />
				<Compiler>
					<Add option="-g" />
				</Compiler>
			</Target>
			<Target title="Release">
				<Option output="bin/Release/simple_interface2" prefix_auto="1" extension_auto="1" />
				<Option object_output="obj/Release/" />
				<Option type="1" />
				<Option compiler="gcc" />
				<Compiler>
					<Add option="-O2" />
				</Compiler>
				<Linker>
					<Add option="-s" />
				</Linker>
			</Target>
		</Build>
		<Compiler>
			<Add option="-Wall" />
			<Add option="-m32" />
			<Add option="-fexceptions" />
			<Add option="-include src/options.h" />
			<Add option="-DRMCHIP_ID=RMCHIP_ID_SMP8758" />
			<Add option="-DRMCHIP_REVISION=1" />
			<Add option="-DRMFEATURE_VIDEO_INTERFACE_VERSION=2" />
			<Add directory="." />
			<Add directory="gbuslib" />
			<Add directory="llad" />
			<Add directory="llad/network" />
			<Add directory="rmlibcw" />
		</Compiler>
		<Linker>
			<Add option="-m32" />
			<Add library="pthread" />
			<Add library="ncursesw" />
			<Add library="panelw" />
		</Linker>
		<Unit filename="src/curses-mgr.cpp" />
		<Unit filename="src/curses-mgr.h" />
		<Unit filename="src/dbgimplementation.cpp" />
		<Unit filename="src/gbus.cpp" />
		<Unit filename="src/gbus_fifo.cpp" />
		<Unit filename="src/gbus_fifo_eraser.cpp" />
		<Unit filename="src/gbus_packet_fifo.cpp" />
		<Unit filename="src/gbus_packet_fifo_eraser.cpp" />
		<Unit filename="src/llad.cpp" />
		<Unit filename="src/misc.cpp" />
		<Unit filename="src/mmimplementation.cpp" />
		<Unit filename="src/options.h" />
		<Unit filename="src/sock.cpp" />
		<Unit filename="src/sock.h" />
		<Unit filename="src/struct.h" />
		<Unit filename="src/test_interface.cpp" />
		<Unit filename="src/test_interface.h" />
		<Unit filename="src/ucode_load_microcode.cpp" />
		<Unit filename="src/ucode_load_microcode.h" />
		<Unit filename="src/utils.cpp" />
		<Unit filename="src/utils.h" />
		<Unit filename="src/video_interface.cpp" />
		<Unit filename="src/video_interface.h" />
		<Unit filename="src/video_microcode_labels.h" />
		<Extensions>
			<envvars />
			<code_completion />
			<lib_finder disable_auto="1" />
			<debugger />
		</Extensions>
	</Project>
</CodeBlocks_project_file>
